// !$*UTF8*$!
{
	archiveVersion = 1;
	classes = {
	};
	objectVersion = 39;
	objects = {
		4D02B5820858D46000684B98 = {
			fileEncoding = 30;
			isa = PBXFileReference;
			lastKnownFileType = text.script.ruby;
			name = Matrix.rb;
			path = lib/alexandria/macui/Matrix.rb;
			refType = 4;
			sourceTree = "<group>";
		};
		4D02B5830858D46000684B98 = {
			fileRef = 4D02B5820858D46000684B98;
			isa = PBXBuildFile;
			settings = {
			};
		};
		4D040729082E7435005D70E4 = {
			fileEncoding = 4;
			isa = PBXFileReference;
			lastKnownFileType = text.script.ruby;
			name = TableView.rb;
			path = lib/alexandria/macui/TableView.rb;
			refType = 4;
			sourceTree = "<group>";
		};
		4D04072A082E7435005D70E4 = {
			fileRef = 4D040729082E7435005D70E4;
			isa = PBXBuildFile;
			settings = {
			};
		};
		4D040794082E9F87005D70E4 = {
			fileEncoding = 4;
			isa = PBXFileReference;
			lastKnownFileType = text.script.ruby;
			name = AddBookController.rb;
			path = lib/alexandria/macui/AddBookController.rb;
			refType = 4;
			sourceTree = "<group>";
		};
		4D040795082E9F87005D70E4 = {
			fileRef = 4D040794082E9F87005D70E4;
			isa = PBXBuildFile;
			settings = {
			};
		};
		4D4D8588082519F80090199E = {
			children = (
				4D4D85DD082520430090199E,
				4D4D85A908251A500090199E,
				4D4D85B008251CEC0090199E,
				4D4D85D4082520190090199E,
			);
			isa = PBXGroup;
			refType = 4;
			sourceTree = "<group>";
		};
		4D4D858A082519F80090199E = {
			buildSettings = {
				COPY_PHASE_STRIP = NO;
			};
			isa = PBXBuildStyle;
			name = Development;
		};
		4D4D858B082519F80090199E = {
			buildSettings = {
				COPY_PHASE_STRIP = YES;
				GCC_ENABLE_OBJC_EXCEPTIONS = YES;
			};
			isa = PBXBuildStyle;
			name = Deployment;
		};
		4D4D858C082519F80090199E = {
			buildSettings = {
			};
			buildStyles = (
				4D4D858A082519F80090199E,
				4D4D858B082519F80090199E,
			);
			hasScannedForEncodings = 0;
			isa = PBXProject;
			mainGroup = 4D4D8588082519F80090199E;
			productRefGroup = 4D4D85B008251CEC0090199E;
			projectDirPath = "";
			targets = (
				4D4D85AE08251CEC0090199E,
			);
		};
		4D4D85A908251A500090199E = {
			children = (
				4DEFE1150825249D0076ECC9,
				4DEFE1180825249D0076ECC9,
			);
			isa = PBXGroup;
			name = Resources;
			refType = 4;
			sourceTree = "<group>";
		};
		4D4D85AB08251CEC0090199E = {
			buildActionMask = 2147483647;
			files = (
				4DEFE11B0825249D0076ECC9,
				4DEFE12B082525270076ECC9,
				4DEFE11C0825249D0076ECC9,
				4DDBD4F908257A0C007A141D,
			);
			isa = PBXResourcesBuildPhase;
			runOnlyForDeploymentPostprocessing = 0;
		};
		4D4D85AC08251CEC0090199E = {
			buildActionMask = 2147483647;
			files = (
				4DEFE11A0825249D0076ECC9,
				4DFB34F30842771500F108DD,
				4DC912CD084B8184004348FC,
				4DAAFD9B08575A8F00DDE6F5,
				4DA21AEA0859CEE0009E42E6,
			);
			isa = PBXSourcesBuildPhase;
			runOnlyForDeploymentPostprocessing = 0;
		};
		4D4D85AD08251CEC0090199E = {
			buildActionMask = 2147483647;
			files = (
				4D96ED9A0825785800EA2CD1,
			);
			isa = PBXFrameworksBuildPhase;
			runOnlyForDeploymentPostprocessing = 0;
		};
		4D4D85AE08251CEC0090199E = {
			buildPhases = (
				4D4D85AB08251CEC0090199E,
				4D4D85AC08251CEC0090199E,
				4D4D85AD08251CEC0090199E,
				4DEFE1EA082559720076ECC9,
				4DEFE1ED082559E20076ECC9,
				4DCD70D7082A983F002AB50D,
			);
			buildRules = (
			);
			buildSettings = {
				FRAMEWORK_SEARCH_PATHS = /Volumes/Data/build;
				GCC_GENERATE_DEBUGGING_SYMBOLS = NO;
				GCC_MODEL_TUNING = G5;
				GCC_PRECOMPILE_PREFIX_HEADER = YES;
				GCC_PREFIX_HEADER = "$(SYSTEM_LIBRARY_DIR)/Frameworks/AppKit.framework/Headers/AppKit.h";
				INFOPLIST_FILE = Info.plist;
				INSTALL_PATH = "$(USER_APPS_DIR)";
				OTHER_CFLAGS = "";
				OTHER_LDFLAGS = "-framework Foundation -framework AppKit";
				OTHER_REZFLAGS = "";
				PREBINDING = NO;
				PRODUCT_NAME = Alexandria;
				SECTORDER_FLAGS = "";
				WARNING_CFLAGS = "-Wmost -Wno-four-char-constants -Wno-unknown-pragmas";
			};
			dependencies = (
			);
			isa = PBXNativeTarget;
			name = Alexandria;
			productName = Alexandria;
			productReference = 4D4D85AF08251CEC0090199E;
			productSettingsXML = "<?xml version=\"1.0\" encoding=\"UTF-8\"?>
<!DOCTYPE plist PUBLIC \"-//Apple Computer//DTD PLIST 1.0//EN\" \"http://www.apple.com/DTDs/PropertyList-1.0.dtd\">
<plist version=\"1.0\">
<dict>
	<key>CFBundleDevelopmentRegion</key>
	<string>English</string>
	<key>CFBundleExecutable</key>
	<string>Alexandria</string>
	<key>CFBundleIdentifier</key>
	<string>com.yourcompany.Alexandria</string>
	<key>CFBundleInfoDictionaryVersion</key>
	<string>6.0</string>
	<key>CFBundlePackageType</key>
	<string>APPL</string>
	<key>CFBundleSignature</key>
	<string>????</string>
	<key>CFBundleVersion</key>
	<string>1.0</string>
	<key>NSMainNibFile</key>
	<string>MainMenu</string>
	<key>NSPrincipalClass</key>
	<string>NSApplication</string>
</dict>
</plist>
";
			productType = "com.apple.product-type.application";
		};
		4D4D85AF08251CEC0090199E = {
			explicitFileType = wrapper.application;
			includeInIndex = 0;
			isa = PBXFileReference;
			path = Alexandria.app;
			refType = 3;
			sourceTree = BUILT_PRODUCTS_DIR;
		};
		4D4D85B008251CEC0090199E = {
			children = (
				4D4D85AF08251CEC0090199E,
			);
			isa = PBXGroup;
			name = Products;
			refType = 4;
			sourceTree = "<group>";
		};
		4D4D85D4082520190090199E = {
			children = (
				4D96ED990825785800EA2CD1,
			);
			isa = PBXGroup;
			name = Frameworks;
			refType = 4;
			sourceTree = "<group>";
		};
		4D4D85DD082520430090199E = {
			children = (
				4DEFE129082525170076ECC9,
				4DEFE1160825249D0076ECC9,
				4DEFE1170825249D0076ECC9,
			);
			isa = PBXGroup;
			name = Sources;
			refType = 4;
			sourceTree = "<group>";
		};
		4D96ED990825785800EA2CD1 = {
			isa = PBXFileReference;
			lastKnownFileType = wrapper.framework;
			name = RubyCocoa.framework;
			path = ../../build/RubyCocoa.framework;
			refType = 2;
			sourceTree = SOURCE_ROOT;
		};
		4D96ED9A0825785800EA2CD1 = {
			fileRef = 4D96ED990825785800EA2CD1;
			isa = PBXBuildFile;
			settings = {
			};
		};
		4D9D46A608310CB9001275EB = {
			fileEncoding = 30;
			isa = PBXFileReference;
			lastKnownFileType = text.script.ruby;
			name = utils.rb;
			path = lib/alexandria/utils.rb;
			refType = 4;
			sourceTree = "<group>";
		};
		4D9D46A708310CB9001275EB = {
			fileRef = 4D9D46A608310CB9001275EB;
			isa = PBXBuildFile;
			settings = {
			};
		};
		4DA13DB408475AA600D18E8E = {
			fileEncoding = 30;
			isa = PBXFileReference;
			lastKnownFileType = text.script.ruby;
			name = BookInfoController.rb;
			path = lib/alexandria/macui/BookInfoController.rb;
			refType = 4;
			sourceTree = "<group>";
		};
		4DA13DB508475AA600D18E8E = {
			fileRef = 4DA13DB408475AA600D18E8E;
			isa = PBXBuildFile;
			settings = {
			};
		};
		4DA1BAA0084F5C4000D0A85C = {
			fileEncoding = 30;
			isa = PBXFileReference;
			lastKnownFileType = text.script.ruby;
			name = RatingField.rb;
			path = lib/alexandria/macui/RatingField.rb;
			refType = 4;
			sourceTree = "<group>";
		};
		4DA1BAA1084F5C4000D0A85C = {
			fileRef = 4DA1BAA0084F5C4000D0A85C;
			isa = PBXBuildFile;
			settings = {
			};
		};
		4DA1BB88084F797200D0A85C = {
			fileEncoding = 30;
			isa = PBXFileReference;
			lastKnownFileType = text.script.ruby;
			name = AboutController.rb;
			path = lib/alexandria/macui/AboutController.rb;
			refType = 4;
			sourceTree = "<group>";
		};
		4DA1BB89084F797200D0A85C = {
			fileRef = 4DA1BB88084F797200D0A85C;
			isa = PBXBuildFile;
			settings = {
			};
		};
		4DA21AE90859CEE0009E42E6 = {
			fileEncoding = 30;
			isa = PBXFileReference;
			lastKnownFileType = sourcecode.c.objc;
			name = Utils.m;
			path = lib/alexandria/macui/Utils.m;
			refType = 4;
			sourceTree = "<group>";
		};
		4DA21AEA0859CEE0009E42E6 = {
			fileRef = 4DA21AE90859CEE0009E42E6;
			isa = PBXBuildFile;
			settings = {
			};
		};
		4DAAFD9A08575A8F00DDE6F5 = {
			fileEncoding = 30;
			isa = PBXFileReference;
			lastKnownFileType = sourcecode.c.objc;
			name = BookIconCell.m;
			path = lib/alexandria/macui/BookIconCell.m;
			refType = 4;
			sourceTree = "<group>";
		};
		4DAAFD9B08575A8F00DDE6F5 = {
			fileRef = 4DAAFD9A08575A8F00DDE6F5;
			isa = PBXBuildFile;
			settings = {
			};
		};
		4DB7EBCF085F325400F00399 = {
			fileEncoding = 30;
			isa = PBXFileReference;
			lastKnownFileType = text.script.ruby;
			name = ExportController.rb;
			path = lib/alexandria/macui/ExportController.rb;
			refType = 4;
			sourceTree = "<group>";
		};
		4DB7EBD0085F325400F00399 = {
			fileRef = 4DB7EBCF085F325400F00399;
			isa = PBXBuildFile;
			settings = {
			};
		};
		4DC912CC084B8184004348FC = {
			fileEncoding = 30;
			isa = PBXFileReference;
			lastKnownFileType = sourcecode.c.objc;
			name = RatingCell.m;
			path = lib/alexandria/macui/RatingCell.m;
			refType = 4;
			sourceTree = "<group>";
		};
		4DC912CD084B8184004348FC = {
			fileRef = 4DC912CC084B8184004348FC;
			isa = PBXBuildFile;
			settings = {
			};
		};
		4DCD70A0082A9607002AB50D = {
			children = (
				4DA1BB88084F797200D0A85C,
				4D040794082E9F87005D70E4,
				4DAAFD9A08575A8F00DDE6F5,
				4DCD70A1082A962C002AB50D,
				4DA13DB408475AA600D18E8E,
				4DB7EBCF085F325400F00399,
				4DE4D3FC0850A6E7009ACF3B,
				4DCD70A2082A962C002AB50D,
				4DCD70A3082A962C002AB50D,
				4D02B5820858D46000684B98,
				4DC912CC084B8184004348FC,
				4DA1BAA0084F5C4000D0A85C,
				4D040729082E7435005D70E4,
				4DFB34F20842771500F108DD,
				4DA21AE90859CEE0009E42E6,
			);
			isa = PBXGroup;
			name = macui;
			refType = 4;
			sourceTree = "<group>";
		};
		4DCD70A1082A962C002AB50D = {
			fileEncoding = 30;
			isa = PBXFileReference;
			lastKnownFileType = text.script.ruby;
			name = BooksDataSource.rb;
			path = lib/alexandria/macui/BooksDataSource.rb;
			refType = 4;
			sourceTree = "<group>";
		};
		4DCD70A2082A962C002AB50D = {
			fileEncoding = 30;
			isa = PBXFileReference;
			lastKnownFileType = text.script.ruby;
			name = LibrariesDataSource.rb;
			path = lib/alexandria/macui/LibrariesDataSource.rb;
			refType = 4;
			sourceTree = "<group>";
		};
		4DCD70A3082A962C002AB50D = {
			fileEncoding = 30;
			isa = PBXFileReference;
			lastKnownFileType = text.script.ruby;
			name = MainController.rb;
			path = lib/alexandria/macui/MainController.rb;
			refType = 4;
			sourceTree = "<group>";
		};
		4DCD70A4082A962C002AB50D = {
			fileRef = 4DCD70A1082A962C002AB50D;
			isa = PBXBuildFile;
			settings = {
			};
		};
		4DCD70A5082A962C002AB50D = {
			fileRef = 4DCD70A2082A962C002AB50D;
			isa = PBXBuildFile;
			settings = {
			};
		};
		4DCD70A6082A962C002AB50D = {
			fileRef = 4DCD70A3082A962C002AB50D;
			isa = PBXBuildFile;
			settings = {
			};
		};
		4DCD70C0082A965D002AB50D = {
			fileEncoding = 30;
			isa = PBXFileReference;
			lastKnownFileType = text.script.ruby;
			name = macui.rb;
			path = lib/alexandria/macui.rb;
			refType = 4;
			sourceTree = "<group>";
		};
		4DCD70C1082A965D002AB50D = {
			fileRef = 4DCD70C0082A965D002AB50D;
			isa = PBXBuildFile;
			settings = {
			};
		};
		4DCD70D4082A9829002AB50D = {
			fileRef = 4DEFE134082525660076ECC9;
			isa = PBXBuildFile;
			settings = {
			};
		};
		4DCD70D7082A983F002AB50D = {
			buildActionMask = 2147483647;
			dstPath = alexandria/macui;
			dstSubfolderSpec = 7;
			files = (
				4DA1BB89084F797200D0A85C,
				4D040795082E9F87005D70E4,
				4DCD70A4082A962C002AB50D,
				4DA13DB508475AA600D18E8E,
				4DB7EBD0085F325400F00399,
				4DE4D3FD0850A6E7009ACF3B,
				4DCD70A5082A962C002AB50D,
				4DCD70A6082A962C002AB50D,
				4D02B5830858D46000684B98,
				4DA1BAA1084F5C4000D0A85C,
				4D04072A082E7435005D70E4,
			);
			isa = PBXCopyFilesBuildPhase;
			name = "Copy UI Scripts";
			runOnlyForDeploymentPostprocessing = 0;
		};
		4DDBD4F908257A0C007A141D = {
			fileRef = 4DEFE1150825249D0076ECC9;
			isa = PBXBuildFile;
			settings = {
			};
		};
		4DE4D3FC0850A6E7009ACF3B = {
			fileEncoding = 30;
			isa = PBXFileReference;
			lastKnownFileType = text.script.ruby;
			name = Icons.rb;
			path = lib/alexandria/macui/Icons.rb;
			refType = 4;
			sourceTree = "<group>";
		};
		4DE4D3FD0850A6E7009ACF3B = {
			fileRef = 4DE4D3FC0850A6E7009ACF3B;
			isa = PBXBuildFile;
			settings = {
			};
		};
		4DEFE1150825249D0076ECC9 = {
			explicitFileType = text.xml;
			fileEncoding = 30;
			isa = PBXFileReference;
			name = Info.plist;
			path = lib/alexandria/macui/Info.plist;
			refType = 4;
			sourceTree = "<group>";
		};
		4DEFE1160825249D0076ECC9 = {
			fileEncoding = 30;
			isa = PBXFileReference;
			lastKnownFileType = sourcecode.c.objc;
			name = main.m;
			path = lib/alexandria/macui/main.m;
			refType = 4;
			sourceTree = "<group>";
		};
		4DEFE1170825249D0076ECC9 = {
			fileEncoding = 30;
			isa = PBXFileReference;
			lastKnownFileType = text.script.ruby;
			name = main.rb;
			path = lib/alexandria/macui/main.rb;
			refType = 4;
			sourceTree = "<group>";
		};
		4DEFE1180825249D0076ECC9 = {
			isa = PBXFileReference;
			lastKnownFileType = wrapper.nib;
			name = MainWindow.nib;
			path = lib/alexandria/macui/MainWindow.nib;
			refType = 4;
			sourceTree = "<group>";
		};
		4DEFE11A0825249D0076ECC9 = {
			fileRef = 4DEFE1160825249D0076ECC9;
			isa = PBXBuildFile;
			settings = {
			};
		};
		4DEFE11B0825249D0076ECC9 = {
			fileRef = 4DEFE1170825249D0076ECC9;
			isa = PBXBuildFile;
			settings = {
			};
		};
		4DEFE11C0825249D0076ECC9 = {
			fileRef = 4DEFE1180825249D0076ECC9;
			isa = PBXBuildFile;
			settings = {
			};
		};
		4DEFE129082525170076ECC9 = {
			children = (
				4DEFE12A082525270076ECC9,
				4DEFE12C082525470076ECC9,
			);
			isa = PBXGroup;
			name = lib;
			refType = 4;
			sourceTree = "<group>";
		};
		4DEFE12A082525270076ECC9 = {
			fileEncoding = 30;
			isa = PBXFileReference;
			lastKnownFileType = text.script.ruby;
			name = alexandria.rb;
			path = lib/alexandria.rb;
			refType = 4;
			sourceTree = "<group>";
		};
		4DEFE12B082525270076ECC9 = {
			fileRef = 4DEFE12A082525270076ECC9;
			isa = PBXBuildFile;
			settings = {
			};
		};
		4DEFE12C082525470076ECC9 = {
			children = (
				4DEFE12D082525660076ECC9,
				4DEFE1410825257A0076ECC9,
				4DCD70C0082A965D002AB50D,
				4DCD70A0082A9607002AB50D,
				4DEFE12E082525660076ECC9,
				4DEFE15A08254F420076ECC9,
				4DEFE12F082525660076ECC9,
				4DEFE130082525660076ECC9,
				4DEFE131082525660076ECC9,
				4DEFE132082525660076ECC9,
				4DEFE134082525660076ECC9,
				4D9D46A608310CB9001275EB,
				4DEFE15B08254F420076ECC9,
				4DEFE136082525660076ECC9,
			);
			isa = PBXGroup;
			name = alexandria;
			refType = 4;
			sourceTree = "<group>";
		};
		4DEFE12D082525660076ECC9 = {
			fileEncoding = 30;
			isa = PBXFileReference;
			lastKnownFileType = text.script.ruby;
			name = book_providers.rb;
			path = lib/alexandria/book_providers.rb;
			refType = 4;
			sourceTree = "<group>";
		};
		4DEFE12E082525660076ECC9 = {
			fileEncoding = 30;
			isa = PBXFileReference;
			lastKnownFileType = text.script.ruby;
			name = book.rb;
			path = lib/alexandria/book.rb;
			refType = 4;
			sourceTree = "<group>";
		};
		4DEFE12F082525660076ECC9 = {
			fileEncoding = 30;
			isa = PBXFileReference;
			lastKnownFileType = text.script.ruby;
			name = execution_queue.rb;
			path = lib/alexandria/execution_queue.rb;
			refType = 4;
			sourceTree = "<group>";
		};
		4DEFE130082525660076ECC9 = {
			fileEncoding = 30;
			isa = PBXFileReference;
			lastKnownFileType = text.script.ruby;
			name = export_library.rb;
			path = lib/alexandria/export_library.rb;
			refType = 4;
			sourceTree = "<group>";
		};
		4DEFE131082525660076ECC9 = {
			fileEncoding = 30;
			isa = PBXFileReference;
			lastKnownFileType = text.script.ruby;
			name = import_library.rb;
			path = lib/alexandria/import_library.rb;
			refType = 4;
			sourceTree = "<group>";
		};
		4DEFE132082525660076ECC9 = {
			fileEncoding = 30;
			isa = PBXFileReference;
			lastKnownFileType = text.script.ruby;
			name = library.rb;
			path = lib/alexandria/library.rb;
			refType = 4;
			sourceTree = "<group>";
		};
		4DEFE134082525660076ECC9 = {
			fileEncoding = 30;
			isa = PBXFileReference;
			lastKnownFileType = text.script.ruby;
			name = preferences.rb;
			path = lib/alexandria/preferences.rb;
			refType = 4;
			sourceTree = "<group>";
		};
		4DEFE136082525660076ECC9 = {
			fileEncoding = 30;
			isa = PBXFileReference;
			lastKnownFileType = text.script.ruby;
			name = web_themes.rb;
			path = lib/alexandria/web_themes.rb;
			refType = 4;
			sourceTree = "<group>";
		};
		4DEFE137082525660076ECC9 = {
			fileRef = 4DEFE12D082525660076ECC9;
			isa = PBXBuildFile;
			settings = {
			};
		};
		4DEFE138082525660076ECC9 = {
			fileRef = 4DEFE12E082525660076ECC9;
			isa = PBXBuildFile;
			settings = {
			};
		};
		4DEFE139082525660076ECC9 = {
			fileRef = 4DEFE12F082525660076ECC9;
			isa = PBXBuildFile;
			settings = {
			};
		};
		4DEFE13A082525660076ECC9 = {
			fileRef = 4DEFE130082525660076ECC9;
			isa = PBXBuildFile;
			settings = {
			};
		};
		4DEFE13B082525660076ECC9 = {
			fileRef = 4DEFE131082525660076ECC9;
			isa = PBXBuildFile;
			settings = {
			};
		};
		4DEFE13C082525660076ECC9 = {
			fileRef = 4DEFE132082525660076ECC9;
			isa = PBXBuildFile;
			settings = {
			};
		};
		4DEFE140082525660076ECC9 = {
			fileRef = 4DEFE136082525660076ECC9;
			isa = PBXBuildFile;
			settings = {
			};
		};
		4DEFE1410825257A0076ECC9 = {
			children = (
				4DEFE142082525940076ECC9,
				4DEFE143082525940076ECC9,
				4DEFE144082525940076ECC9,
				4DEFE145082525940076ECC9,
				4DEFE146082525940076ECC9,
				4DEFE147082525940076ECC9,
				4DEFE148082525940076ECC9,
			);
			includeInIndex = 1;
			isa = PBXGroup;
			name = book_providers;
			refType = 4;
			sourceTree = "<group>";
		};
		4DEFE142082525940076ECC9 = {
			fileEncoding = 30;
			isa = PBXFileReference;
			lastKnownFileType = text.script.ruby;
			name = amadeus.rb;
			path = lib/alexandria/book_providers/amadeus.rb;
			refType = 4;
			sourceTree = "<group>";
		};
		4DEFE143082525940076ECC9 = {
			fileEncoding = 30;
			isa = PBXFileReference;
			lastKnownFileType = text.script.ruby;
			name = amazon.rb;
			path = lib/alexandria/book_providers/amazon.rb;
			refType = 4;
			sourceTree = "<group>";
		};
		4DEFE144082525940076ECC9 = {
			fileEncoding = 30;
			isa = PBXFileReference;
			lastKnownFileType = text.script.ruby;
			name = bn.rb;
			path = lib/alexandria/book_providers/bn.rb;
			refType = 4;
			sourceTree = "<group>";
		};
		4DEFE145082525940076ECC9 = {
			fileEncoding = 30;
			isa = PBXFileReference;
			lastKnownFileType = text.script.ruby;
			name = ibs_it.rb;
			path = lib/alexandria/book_providers/ibs_it.rb;
			refType = 4;
			sourceTree = "<group>";
		};
		4DEFE146082525940076ECC9 = {
			fileEncoding = 30;
			isa = PBXFileReference;
			lastKnownFileType = text.script.ruby;
			name = mcu.rb;
			path = lib/alexandria/book_providers/mcu.rb;
			refType = 4;
			sourceTree = "<group>";
		};
		4DEFE147082525940076ECC9 = {
			fileEncoding = 30;
			isa = PBXFileReference;
			lastKnownFileType = text.script.ruby;
			name = proxis.rb;
			path = lib/alexandria/book_providers/proxis.rb;
			refType = 4;
			sourceTree = "<group>";
		};
		4DEFE148082525940076ECC9 = {
			fileEncoding = 30;
			isa = PBXFileReference;
			lastKnownFileType = text.script.ruby;
			name = z3950.rb;
			path = lib/alexandria/book_providers/z3950.rb;
			refType = 4;
			sourceTree = "<group>";
		};
		4DEFE149082525940076ECC9 = {
			fileRef = 4DEFE142082525940076ECC9;
			isa = PBXBuildFile;
			settings = {
			};
		};
		4DEFE14A082525940076ECC9 = {
			fileRef = 4DEFE143082525940076ECC9;
			isa = PBXBuildFile;
			settings = {
			};
		};
		4DEFE14B082525940076ECC9 = {
			fileRef = 4DEFE144082525940076ECC9;
			isa = PBXBuildFile;
			settings = {
			};
		};
		4DEFE14C082525940076ECC9 = {
			fileRef = 4DEFE145082525940076ECC9;
			isa = PBXBuildFile;
			settings = {
			};
		};
		4DEFE14D082525940076ECC9 = {
			fileRef = 4DEFE146082525940076ECC9;
			isa = PBXBuildFile;
			settings = {
			};
		};
		4DEFE14E082525940076ECC9 = {
			fileRef = 4DEFE147082525940076ECC9;
			isa = PBXBuildFile;
			settings = {
			};
		};
		4DEFE14F082525940076ECC9 = {
			fileRef = 4DEFE148082525940076ECC9;
			isa = PBXBuildFile;
			settings = {
			};
		};
		4DEFE15A08254F420076ECC9 = {
			fileEncoding = 30;
			isa = PBXFileReference;
			lastKnownFileType = text.script.ruby;
			name = config.rb;
			path = lib/alexandria/config.rb;
			refType = 4;
			sourceTree = "<group>";
		};
		4DEFE15B08254F420076ECC9 = {
			fileEncoding = 30;
			isa = PBXFileReference;
			lastKnownFileType = text.script.ruby;
			name = version.rb;
			path = lib/alexandria/version.rb;
			refType = 4;
			sourceTree = "<group>";
		};
		4DEFE15D08254F420076ECC9 = {
			fileRef = 4DEFE15B08254F420076ECC9;
			isa = PBXBuildFile;
			settings = {
			};
		};
		4DEFE1AA0825526E0076ECC9 = {
			fileRef = 4DEFE15A08254F420076ECC9;
			isa = PBXBuildFile;
			settings = {
			};
		};
		4DEFE1EA082559720076ECC9 = {
			buildActionMask = 2147483647;
			dstPath = alexandria;
			dstSubfolderSpec = 7;
			files = (
				4DEFE137082525660076ECC9,
				4DEFE138082525660076ECC9,
				4DEFE139082525660076ECC9,
				4DEFE13A082525660076ECC9,
				4DEFE13B082525660076ECC9,
				4DEFE13C082525660076ECC9,
				4DEFE140082525660076ECC9,
				4DEFE15D08254F420076ECC9,
				4DEFE1AA0825526E0076ECC9,
				4DCD70C1082A965D002AB50D,
				4DCD70D4082A9829002AB50D,
				4D9D46A708310CB9001275EB,
			);
			isa = PBXCopyFilesBuildPhase;
			name = "Copy Backend Scripts";
			runOnlyForDeploymentPostprocessing = 0;
		};
		4DEFE1ED082559E20076ECC9 = {
			buildActionMask = 2147483647;
			dstPath = alexandria/book_providers;
			dstSubfolderSpec = 7;
			files = (
				4DEFE149082525940076ECC9,
				4DEFE14A082525940076ECC9,
				4DEFE14B082525940076ECC9,
				4DEFE14C082525940076ECC9,
				4DEFE14D082525940076ECC9,
				4DEFE14E082525940076ECC9,
				4DEFE14F082525940076ECC9,
			);
			isa = PBXCopyFilesBuildPhase;
			name = "Copy Providers Scripts";
			runOnlyForDeploymentPostprocessing = 0;
		};
		4DFB34F20842771500F108DD = {
			fileEncoding = 30;
			isa = PBXFileReference;
			lastKnownFileType = sourcecode.c.objc;
			name = TitledImageCell.m;
			path = lib/alexandria/macui/TitledImageCell.m;
			refType = 4;
			sourceTree = "<group>";
		};
		4DFB34F30842771500F108DD = {
			fileRef = 4DFB34F20842771500F108DD;
			isa = PBXBuildFile;
			settings = {
			};
		};
	};
	rootObject = 4D4D858C082519F80090199E;
}
