// !$*UTF8*$!
{
	archiveVersion = 1;
	classes = {
	};
	objectVersion = 42;
	objects = {

/* Begin PBXBuildFile section */
		4D02B5830858D46000684B98 /* Matrix.rb in Copy UI Scripts */ = {isa = PBXBuildFile; fileRef = 4D02B5820858D46000684B98 /* Matrix.rb */; };
		4D04072A082E7435005D70E4 /* TableView.rb in Copy UI Scripts */ = {isa = PBXBuildFile; fileRef = 4D040729082E7435005D70E4 /* TableView.rb */; };
		4D040795082E9F87005D70E4 /* AddBookController.rb in Copy UI Scripts */ = {isa = PBXBuildFile; fileRef = 4D040794082E9F87005D70E4 /* AddBookController.rb */; };
		4D8210D80865B9F300974EC4 /* PreferencesController.rb in Copy UI Scripts */ = {isa = PBXBuildFile; fileRef = 4D8210D70865B9F300974EC4 /* PreferencesController.rb */; };
		4D9D46A708310CB9001275EB /* utils.rb in Copy Backend Scripts */ = {isa = PBXBuildFile; fileRef = 4D9D46A608310CB9001275EB /* utils.rb */; };
		4DA13DB508475AA600D18E8E /* BookInfoController.rb in Copy UI Scripts */ = {isa = PBXBuildFile; fileRef = 4DA13DB408475AA600D18E8E /* BookInfoController.rb */; };
		4DA1BAA1084F5C4000D0A85C /* RatingField.rb in Copy UI Scripts */ = {isa = PBXBuildFile; fileRef = 4DA1BAA0084F5C4000D0A85C /* RatingField.rb */; };
		4DA1BB89084F797200D0A85C /* AboutController.rb in Copy UI Scripts */ = {isa = PBXBuildFile; fileRef = 4DA1BB88084F797200D0A85C /* AboutController.rb */; };
		4DA21AEA0859CEE0009E42E6 /* Utils.m in Sources */ = {isa = PBXBuildFile; fileRef = 4DA21AE90859CEE0009E42E6 /* Utils.m */; };
		4DAAFD9B08575A8F00DDE6F5 /* BookIconCell.m in Sources */ = {isa = PBXBuildFile; fileRef = 4DAAFD9A08575A8F00DDE6F5 /* BookIconCell.m */; };
		4DB7EBD0085F325400F00399 /* ExportController.rb in Copy UI Scripts */ = {isa = PBXBuildFile; fileRef = 4DB7EBCF085F325400F00399 /* ExportController.rb */; };
		4DC5479D0883D4AC003C6127 /* Info.plist in Resources */ = {isa = PBXBuildFile; fileRef = 4DEFE1150825249D0076ECC9 /* Info.plist */; };
		4DC549CD0883E84F003C6127 /* RubyCocoa.framework in Frameworks */ = {isa = PBXBuildFile; fileRef = 4DC549CC0883E84F003C6127 /* RubyCocoa.framework */; };
		4DC912CD084B8184004348FC /* RatingCell.m in Sources */ = {isa = PBXBuildFile; fileRef = 4DC912CC084B8184004348FC /* RatingCell.m */; };
		4DCD70A4082A962C002AB50D /* BooksDataSource.rb in Copy UI Scripts */ = {isa = PBXBuildFile; fileRef = 4DCD70A1082A962C002AB50D /* BooksDataSource.rb */; };
		4DCD70A5082A962C002AB50D /* LibrariesDataSource.rb in Copy UI Scripts */ = {isa = PBXBuildFile; fileRef = 4DCD70A2082A962C002AB50D /* LibrariesDataSource.rb */; };
		4DCD70A6082A962C002AB50D /* MainController.rb in Copy UI Scripts */ = {isa = PBXBuildFile; fileRef = 4DCD70A3082A962C002AB50D /* MainController.rb */; };
		4DCD70C1082A965D002AB50D /* macui.rb in Copy Backend Scripts */ = {isa = PBXBuildFile; fileRef = 4DCD70C0082A965D002AB50D /* macui.rb */; };
		4DCD70D4082A9829002AB50D /* preferences.rb in Copy Backend Scripts */ = {isa = PBXBuildFile; fileRef = 4DEFE134082525660076ECC9 /* preferences.rb */; };
		4DDC8952086053C300A9C675 /* ImportController.rb in Copy UI Scripts */ = {isa = PBXBuildFile; fileRef = 4DDC8951086053C300A9C675 /* ImportController.rb */; };
		4DE4D3FD0850A6E7009ACF3B /* Icons.rb in Copy UI Scripts */ = {isa = PBXBuildFile; fileRef = 4DE4D3FC0850A6E7009ACF3B /* Icons.rb */; };
		4DEFE11A0825249D0076ECC9 /* main.m in Sources */ = {isa = PBXBuildFile; fileRef = 4DEFE1160825249D0076ECC9 /* main.m */; };
		4DEFE11B0825249D0076ECC9 /* main.rb in Resources */ = {isa = PBXBuildFile; fileRef = 4DEFE1170825249D0076ECC9 /* main.rb */; };
		4DEFE11C0825249D0076ECC9 /* MainWindow.nib in Resources */ = {isa = PBXBuildFile; fileRef = 4DEFE1180825249D0076ECC9 /* MainWindow.nib */; };
		4DEFE12B082525270076ECC9 /* alexandria.rb in Resources */ = {isa = PBXBuildFile; fileRef = 4DEFE12A082525270076ECC9 /* alexandria.rb */; };
		4DEFE137082525660076ECC9 /* book_providers.rb in Copy Backend Scripts */ = {isa = PBXBuildFile; fileRef = 4DEFE12D082525660076ECC9 /* book_providers.rb */; };
		4DEFE138082525660076ECC9 /* book.rb in Copy Backend Scripts */ = {isa = PBXBuildFile; fileRef = 4DEFE12E082525660076ECC9 /* book.rb */; };
		4DEFE139082525660076ECC9 /* execution_queue.rb in Copy Backend Scripts */ = {isa = PBXBuildFile; fileRef = 4DEFE12F082525660076ECC9 /* execution_queue.rb */; };
		4DEFE13A082525660076ECC9 /* export_library.rb in Copy Backend Scripts */ = {isa = PBXBuildFile; fileRef = 4DEFE130082525660076ECC9 /* export_library.rb */; };
		4DEFE13B082525660076ECC9 /* import_library.rb in Copy Backend Scripts */ = {isa = PBXBuildFile; fileRef = 4DEFE131082525660076ECC9 /* import_library.rb */; };
		4DEFE13C082525660076ECC9 /* library.rb in Copy Backend Scripts */ = {isa = PBXBuildFile; fileRef = 4DEFE132082525660076ECC9 /* library.rb */; };
		4DEFE140082525660076ECC9 /* web_themes.rb in Copy Backend Scripts */ = {isa = PBXBuildFile; fileRef = 4DEFE136082525660076ECC9 /* web_themes.rb */; };
		4DEFE149082525940076ECC9 /* amadeus.rb in Copy Providers Scripts */ = {isa = PBXBuildFile; fileRef = 4DEFE142082525940076ECC9 /* amadeus.rb */; };
		4DEFE14A082525940076ECC9 /* amazon.rb in Copy Providers Scripts */ = {isa = PBXBuildFile; fileRef = 4DEFE143082525940076ECC9 /* amazon.rb */; };
		4DEFE14B082525940076ECC9 /* bn.rb in Copy Providers Scripts */ = {isa = PBXBuildFile; fileRef = 4DEFE144082525940076ECC9 /* bn.rb */; };
		4DEFE14C082525940076ECC9 /* ibs_it.rb in Copy Providers Scripts */ = {isa = PBXBuildFile; fileRef = 4DEFE145082525940076ECC9 /* ibs_it.rb */; };
		4DEFE14D082525940076ECC9 /* mcu.rb in Copy Providers Scripts */ = {isa = PBXBuildFile; fileRef = 4DEFE146082525940076ECC9 /* mcu.rb */; };
		4DEFE14E082525940076ECC9 /* proxis.rb in Copy Providers Scripts */ = {isa = PBXBuildFile; fileRef = 4DEFE147082525940076ECC9 /* proxis.rb */; };
		4DEFE14F082525940076ECC9 /* z3950.rb in Copy Providers Scripts */ = {isa = PBXBuildFile; fileRef = 4DEFE148082525940076ECC9 /* z3950.rb */; };
		4DFB34F30842771500F108DD /* TitledImageCell.m in Sources */ = {isa = PBXBuildFile; fileRef = 4DFB34F20842771500F108DD /* TitledImageCell.m */; };
/* End PBXBuildFile section */

/* Begin PBXBuildStyle section */
		4D4D858A082519F80090199E /* Development */ = {
			isa = PBXBuildStyle;
			buildSettings = {
				COPY_PHASE_STRIP = NO;
			};
			name = Development;
		};
		4D4D858B082519F80090199E /* Deployment */ = {
			isa = PBXBuildStyle;
			buildSettings = {
				COPY_PHASE_STRIP = YES;
				GCC_ENABLE_OBJC_EXCEPTIONS = YES;
			};
			name = Deployment;
		};
/* End PBXBuildStyle section */

/* Begin PBXCopyFilesBuildPhase section */
		4DCD70D7082A983F002AB50D /* Copy UI Scripts */ = {
			isa = PBXCopyFilesBuildPhase;
			buildActionMask = 2147483647;
			dstPath = alexandria/macui;
			dstSubfolderSpec = 7;
			files = (
				4DA1BB89084F797200D0A85C /* AboutController.rb in Copy UI Scripts */,
				4D040795082E9F87005D70E4 /* AddBookController.rb in Copy UI Scripts */,
				4DCD70A4082A962C002AB50D /* BooksDataSource.rb in Copy UI Scripts */,
				4DA13DB508475AA600D18E8E /* BookInfoController.rb in Copy UI Scripts */,
				4DB7EBD0085F325400F00399 /* ExportController.rb in Copy UI Scripts */,
				4DE4D3FD0850A6E7009ACF3B /* Icons.rb in Copy UI Scripts */,
				4DDC8952086053C300A9C675 /* ImportController.rb in Copy UI Scripts */,
				4DCD70A5082A962C002AB50D /* LibrariesDataSource.rb in Copy UI Scripts */,
				4DCD70A6082A962C002AB50D /* MainController.rb in Copy UI Scripts */,
				4D02B5830858D46000684B98 /* Matrix.rb in Copy UI Scripts */,
				4D8210D80865B9F300974EC4 /* PreferencesController.rb in Copy UI Scripts */,
				4DA1BAA1084F5C4000D0A85C /* RatingField.rb in Copy UI Scripts */,
				4D04072A082E7435005D70E4 /* TableView.rb in Copy UI Scripts */,
			);
			name = "Copy UI Scripts";
			runOnlyForDeploymentPostprocessing = 0;
		};
		4DEFE1EA082559720076ECC9 /* Copy Backend Scripts */ = {
			isa = PBXCopyFilesBuildPhase;
			buildActionMask = 2147483647;
			dstPath = alexandria;
			dstSubfolderSpec = 7;
			files = (
				4DEFE137082525660076ECC9 /* book_providers.rb in Copy Backend Scripts */,
				4DEFE138082525660076ECC9 /* book.rb in Copy Backend Scripts */,
				4DEFE139082525660076ECC9 /* execution_queue.rb in Copy Backend Scripts */,
				4DEFE13A082525660076ECC9 /* export_library.rb in Copy Backend Scripts */,
				4DEFE13B082525660076ECC9 /* import_library.rb in Copy Backend Scripts */,
				4DEFE13C082525660076ECC9 /* library.rb in Copy Backend Scripts */,
				4DEFE140082525660076ECC9 /* web_themes.rb in Copy Backend Scripts */,
				4DCD70C1082A965D002AB50D /* macui.rb in Copy Backend Scripts */,
				4DCD70D4082A9829002AB50D /* preferences.rb in Copy Backend Scripts */,
				4D9D46A708310CB9001275EB /* utils.rb in Copy Backend Scripts */,
			);
			name = "Copy Backend Scripts";
			runOnlyForDeploymentPostprocessing = 0;
		};
		4DEFE1ED082559E20076ECC9 /* Copy Providers Scripts */ = {
			isa = PBXCopyFilesBuildPhase;
			buildActionMask = 2147483647;
			dstPath = alexandria/book_providers;
			dstSubfolderSpec = 7;
			files = (
				4DEFE149082525940076ECC9 /* amadeus.rb in Copy Providers Scripts */,
				4DEFE14A082525940076ECC9 /* amazon.rb in Copy Providers Scripts */,
				4DEFE14B082525940076ECC9 /* bn.rb in Copy Providers Scripts */,
				4DEFE14C082525940076ECC9 /* ibs_it.rb in Copy Providers Scripts */,
				4DEFE14D082525940076ECC9 /* mcu.rb in Copy Providers Scripts */,
				4DEFE14E082525940076ECC9 /* proxis.rb in Copy Providers Scripts */,
				4DEFE14F082525940076ECC9 /* z3950.rb in Copy Providers Scripts */,
			);
			name = "Copy Providers Scripts";
			runOnlyForDeploymentPostprocessing = 0;
		};
/* End PBXCopyFilesBuildPhase section */

/* Begin PBXFileReference section */
		4D02B5820858D46000684B98 /* Matrix.rb */ = {isa = PBXFileReference; fileEncoding = 30; lastKnownFileType = text.script.ruby; name = Matrix.rb; path = lib/alexandria/macui/Matrix.rb; sourceTree = "<group>"; };
		4D040729082E7435005D70E4 /* TableView.rb */ = {isa = PBXFileReference; fileEncoding = 4; lastKnownFileType = text.script.ruby; name = TableView.rb; path = lib/alexandria/macui/TableView.rb; sourceTree = "<group>"; };
		4D040794082E9F87005D70E4 /* AddBookController.rb */ = {isa = PBXFileReference; fileEncoding = 4; lastKnownFileType = text.script.ruby; name = AddBookController.rb; path = lib/alexandria/macui/AddBookController.rb; sourceTree = "<group>"; };
		4D4D85AF08251CEC0090199E /* Alexandria.app */ = {isa = PBXFileReference; explicitFileType = wrapper.application; includeInIndex = 0; path = Alexandria.app; sourceTree = BUILT_PRODUCTS_DIR; };
		4D8210D70865B9F300974EC4 /* PreferencesController.rb */ = {isa = PBXFileReference; fileEncoding = 30; lastKnownFileType = text.script.ruby; name = PreferencesController.rb; path = lib/alexandria/macui/PreferencesController.rb; sourceTree = "<group>"; };
		4D9D46A608310CB9001275EB /* utils.rb */ = {isa = PBXFileReference; fileEncoding = 30; lastKnownFileType = text.script.ruby; name = utils.rb; path = lib/alexandria/utils.rb; sourceTree = "<group>"; };
		4DA13DB408475AA600D18E8E /* BookInfoController.rb */ = {isa = PBXFileReference; fileEncoding = 30; lastKnownFileType = text.script.ruby; name = BookInfoController.rb; path = lib/alexandria/macui/BookInfoController.rb; sourceTree = "<group>"; };
		4DA1BAA0084F5C4000D0A85C /* RatingField.rb */ = {isa = PBXFileReference; fileEncoding = 30; lastKnownFileType = text.script.ruby; name = RatingField.rb; path = lib/alexandria/macui/RatingField.rb; sourceTree = "<group>"; };
		4DA1BB88084F797200D0A85C /* AboutController.rb */ = {isa = PBXFileReference; fileEncoding = 30; lastKnownFileType = text.script.ruby; name = AboutController.rb; path = lib/alexandria/macui/AboutController.rb; sourceTree = "<group>"; };
		4DA21AE90859CEE0009E42E6 /* Utils.m */ = {isa = PBXFileReference; fileEncoding = 30; lastKnownFileType = sourcecode.c.objc; name = Utils.m; path = lib/alexandria/macui/Utils.m; sourceTree = "<group>"; };
		4DAAFD9A08575A8F00DDE6F5 /* BookIconCell.m */ = {isa = PBXFileReference; fileEncoding = 30; lastKnownFileType = sourcecode.c.objc; name = BookIconCell.m; path = lib/alexandria/macui/BookIconCell.m; sourceTree = "<group>"; };
		4DB7EBCF085F325400F00399 /* ExportController.rb */ = {isa = PBXFileReference; fileEncoding = 30; lastKnownFileType = text.script.ruby; name = ExportController.rb; path = lib/alexandria/macui/ExportController.rb; sourceTree = "<group>"; };
		4DC549CC0883E84F003C6127 /* RubyCocoa.framework */ = {isa = PBXFileReference; lastKnownFileType = wrapper.framework; name = RubyCocoa.framework; path = ../../build/Development/RubyCocoa.framework; sourceTree = SOURCE_ROOT; };
		4DC912CC084B8184004348FC /* RatingCell.m */ = {isa = PBXFileReference; fileEncoding = 30; lastKnownFileType = sourcecode.c.objc; name = RatingCell.m; path = lib/alexandria/macui/RatingCell.m; sourceTree = "<group>"; };
		4DCD70A1082A962C002AB50D /* BooksDataSource.rb */ = {isa = PBXFileReference; fileEncoding = 30; lastKnownFileType = text.script.ruby; name = BooksDataSource.rb; path = lib/alexandria/macui/BooksDataSource.rb; sourceTree = "<group>"; };
		4DCD70A2082A962C002AB50D /* LibrariesDataSource.rb */ = {isa = PBXFileReference; fileEncoding = 30; lastKnownFileType = text.script.ruby; name = LibrariesDataSource.rb; path = lib/alexandria/macui/LibrariesDataSource.rb; sourceTree = "<group>"; };
		4DCD70A3082A962C002AB50D /* MainController.rb */ = {isa = PBXFileReference; fileEncoding = 30; lastKnownFileType = text.script.ruby; name = MainController.rb; path = lib/alexandria/macui/MainController.rb; sourceTree = "<group>"; };
		4DCD70C0082A965D002AB50D /* macui.rb */ = {isa = PBXFileReference; fileEncoding = 30; lastKnownFileType = text.script.ruby; name = macui.rb; path = lib/alexandria/macui.rb; sourceTree = "<group>"; };
		4DDC8951086053C300A9C675 /* ImportController.rb */ = {isa = PBXFileReference; fileEncoding = 30; lastKnownFileType = text.script.ruby; name = ImportController.rb; path = lib/alexandria/macui/ImportController.rb; sourceTree = "<group>"; };
		4DE4D3FC0850A6E7009ACF3B /* Icons.rb */ = {isa = PBXFileReference; fileEncoding = 30; lastKnownFileType = text.script.ruby; name = Icons.rb; path = lib/alexandria/macui/Icons.rb; sourceTree = "<group>"; };
		4DEFE1150825249D0076ECC9 /* Info.plist */ = {isa = PBXFileReference; explicitFileType = text.xml; fileEncoding = 30; name = Info.plist; path = lib/alexandria/macui/Info.plist; sourceTree = "<group>"; };
		4DEFE1160825249D0076ECC9 /* main.m */ = {isa = PBXFileReference; fileEncoding = 30; lastKnownFileType = sourcecode.c.objc; name = main.m; path = lib/alexandria/macui/main.m; sourceTree = "<group>"; };
		4DEFE1170825249D0076ECC9 /* main.rb */ = {isa = PBXFileReference; fileEncoding = 30; lastKnownFileType = text.script.ruby; name = main.rb; path = lib/alexandria/macui/main.rb; sourceTree = "<group>"; };
		4DEFE1180825249D0076ECC9 /* MainWindow.nib */ = {isa = PBXFileReference; lastKnownFileType = wrapper.nib; name = MainWindow.nib; path = lib/alexandria/macui/MainWindow.nib; sourceTree = "<group>"; };
		4DEFE12A082525270076ECC9 /* alexandria.rb */ = {isa = PBXFileReference; fileEncoding = 30; lastKnownFileType = text.script.ruby; name = alexandria.rb; path = lib/alexandria.rb; sourceTree = "<group>"; };
		4DEFE12D082525660076ECC9 /* book_providers.rb */ = {isa = PBXFileReference; fileEncoding = 30; lastKnownFileType = text.script.ruby; name = book_providers.rb; path = lib/alexandria/book_providers.rb; sourceTree = "<group>"; };
		4DEFE12E082525660076ECC9 /* book.rb */ = {isa = PBXFileReference; fileEncoding = 30; lastKnownFileType = text.script.ruby; name = book.rb; path = lib/alexandria/book.rb; sourceTree = "<group>"; };
		4DEFE12F082525660076ECC9 /* execution_queue.rb */ = {isa = PBXFileReference; fileEncoding = 30; lastKnownFileType = text.script.ruby; name = execution_queue.rb; path = lib/alexandria/execution_queue.rb; sourceTree = "<group>"; };
		4DEFE130082525660076ECC9 /* export_library.rb */ = {isa = PBXFileReference; fileEncoding = 30; lastKnownFileType = text.script.ruby; name = export_library.rb; path = lib/alexandria/export_library.rb; sourceTree = "<group>"; };
		4DEFE131082525660076ECC9 /* import_library.rb */ = {isa = PBXFileReference; fileEncoding = 30; lastKnownFileType = text.script.ruby; name = import_library.rb; path = lib/alexandria/import_library.rb; sourceTree = "<group>"; };
		4DEFE132082525660076ECC9 /* library.rb */ = {isa = PBXFileReference; fileEncoding = 30; lastKnownFileType = text.script.ruby; name = library.rb; path = lib/alexandria/library.rb; sourceTree = "<group>"; };
		4DEFE134082525660076ECC9 /* preferences.rb */ = {isa = PBXFileReference; fileEncoding = 30; lastKnownFileType = text.script.ruby; name = preferences.rb; path = lib/alexandria/preferences.rb; sourceTree = "<group>"; };
		4DEFE136082525660076ECC9 /* web_themes.rb */ = {isa = PBXFileReference; fileEncoding = 30; lastKnownFileType = text.script.ruby; name = web_themes.rb; path = lib/alexandria/web_themes.rb; sourceTree = "<group>"; };
		4DEFE142082525940076ECC9 /* amadeus.rb */ = {isa = PBXFileReference; fileEncoding = 30; lastKnownFileType = text.script.ruby; name = amadeus.rb; path = lib/alexandria/book_providers/amadeus.rb; sourceTree = "<group>"; };
		4DEFE143082525940076ECC9 /* amazon.rb */ = {isa = PBXFileReference; fileEncoding = 30; lastKnownFileType = text.script.ruby; name = amazon.rb; path = lib/alexandria/book_providers/amazon.rb; sourceTree = "<group>"; };
		4DEFE144082525940076ECC9 /* bn.rb */ = {isa = PBXFileReference; fileEncoding = 30; lastKnownFileType = text.script.ruby; name = bn.rb; path = lib/alexandria/book_providers/bn.rb; sourceTree = "<group>"; };
		4DEFE145082525940076ECC9 /* ibs_it.rb */ = {isa = PBXFileReference; fileEncoding = 30; lastKnownFileType = text.script.ruby; name = ibs_it.rb; path = lib/alexandria/book_providers/ibs_it.rb; sourceTree = "<group>"; };
		4DEFE146082525940076ECC9 /* mcu.rb */ = {isa = PBXFileReference; fileEncoding = 30; lastKnownFileType = text.script.ruby; name = mcu.rb; path = lib/alexandria/book_providers/mcu.rb; sourceTree = "<group>"; };
		4DEFE147082525940076ECC9 /* proxis.rb */ = {isa = PBXFileReference; fileEncoding = 30; lastKnownFileType = text.script.ruby; name = proxis.rb; path = lib/alexandria/book_providers/proxis.rb; sourceTree = "<group>"; };
		4DEFE148082525940076ECC9 /* z3950.rb */ = {isa = PBXFileReference; fileEncoding = 30; lastKnownFileType = text.script.ruby; name = z3950.rb; path = lib/alexandria/book_providers/z3950.rb; sourceTree = "<group>"; };
		4DFB34F20842771500F108DD /* TitledImageCell.m */ = {isa = PBXFileReference; fileEncoding = 30; lastKnownFileType = sourcecode.c.objc; name = TitledImageCell.m; path = lib/alexandria/macui/TitledImageCell.m; sourceTree = "<group>"; };
/* End PBXFileReference section */

/* Begin PBXFrameworksBuildPhase section */
		4D4D85AD08251CEC0090199E /* Frameworks */ = {
			isa = PBXFrameworksBuildPhase;
			buildActionMask = 2147483647;
			files = (
				4DC549CD0883E84F003C6127 /* RubyCocoa.framework in Frameworks */,
			);
			runOnlyForDeploymentPostprocessing = 0;
		};
/* End PBXFrameworksBuildPhase section */

/* Begin PBXGroup section */
		4D4D8588082519F80090199E = {
			isa = PBXGroup;
			children = (
				4D4D85DD082520430090199E /* Sources */,
				4D4D85A908251A500090199E /* Resources */,
				4D4D85B008251CEC0090199E /* Products */,
				4D4D85D4082520190090199E /* Frameworks */,
			);
			sourceTree = "<group>";
		};
		4D4D85A908251A500090199E /* Resources */ = {
			isa = PBXGroup;
			children = (
				4DEFE1150825249D0076ECC9 /* Info.plist */,
				4DEFE1180825249D0076ECC9 /* MainWindow.nib */,
			);
			name = Resources;
			sourceTree = "<group>";
		};
		4D4D85B008251CEC0090199E /* Products */ = {
			isa = PBXGroup;
			children = (
				4D4D85AF08251CEC0090199E /* Alexandria.app */,
			);
			name = Products;
			sourceTree = "<group>";
		};
		4D4D85D4082520190090199E /* Frameworks */ = {
			isa = PBXGroup;
			children = (
				4DC549CC0883E84F003C6127 /* RubyCocoa.framework */,
			);
			name = Frameworks;
			sourceTree = "<group>";
		};
		4D4D85DD082520430090199E /* Sources */ = {
			isa = PBXGroup;
			children = (
				4DEFE129082525170076ECC9 /* lib */,
				4DEFE1160825249D0076ECC9 /* main.m */,
				4DEFE1170825249D0076ECC9 /* main.rb */,
			);
			name = Sources;
			sourceTree = "<group>";
		};
		4DCD70A0082A9607002AB50D /* macui */ = {
			isa = PBXGroup;
			children = (
				4DA1BB88084F797200D0A85C /* AboutController.rb */,
				4D040794082E9F87005D70E4 /* AddBookController.rb */,
				4DAAFD9A08575A8F00DDE6F5 /* BookIconCell.m */,
				4DCD70A1082A962C002AB50D /* BooksDataSource.rb */,
				4DA13DB408475AA600D18E8E /* BookInfoController.rb */,
				4DB7EBCF085F325400F00399 /* ExportController.rb */,
				4DE4D3FC0850A6E7009ACF3B /* Icons.rb */,
				4DDC8951086053C300A9C675 /* ImportController.rb */,
				4DCD70A2082A962C002AB50D /* LibrariesDataSource.rb */,
				4DCD70A3082A962C002AB50D /* MainController.rb */,
				4D02B5820858D46000684B98 /* Matrix.rb */,
				4D8210D70865B9F300974EC4 /* PreferencesController.rb */,
				4DC912CC084B8184004348FC /* RatingCell.m */,
				4DA1BAA0084F5C4000D0A85C /* RatingField.rb */,
				4D040729082E7435005D70E4 /* TableView.rb */,
				4DFB34F20842771500F108DD /* TitledImageCell.m */,
				4DA21AE90859CEE0009E42E6 /* Utils.m */,
			);
			name = macui;
			sourceTree = "<group>";
		};
		4DEFE129082525170076ECC9 /* lib */ = {
			isa = PBXGroup;
			children = (
				4DEFE12A082525270076ECC9 /* alexandria.rb */,
				4DEFE12C082525470076ECC9 /* alexandria */,
			);
			name = lib;
			sourceTree = "<group>";
		};
		4DEFE12C082525470076ECC9 /* alexandria */ = {
			isa = PBXGroup;
			children = (
				4DEFE12D082525660076ECC9 /* book_providers.rb */,
				4DEFE1410825257A0076ECC9 /* book_providers */,
				4DCD70C0082A965D002AB50D /* macui.rb */,
				4DCD70A0082A9607002AB50D /* macui */,
				4DEFE12E082525660076ECC9 /* book.rb */,
				4DEFE12F082525660076ECC9 /* execution_queue.rb */,
				4DEFE130082525660076ECC9 /* export_library.rb */,
				4DEFE131082525660076ECC9 /* import_library.rb */,
				4DEFE132082525660076ECC9 /* library.rb */,
				4DEFE134082525660076ECC9 /* preferences.rb */,
				4D9D46A608310CB9001275EB /* utils.rb */,
				4DEFE136082525660076ECC9 /* web_themes.rb */,
			);
			name = alexandria;
			sourceTree = "<group>";
		};
		4DEFE1410825257A0076ECC9 /* book_providers */ = {
			isa = PBXGroup;
			children = (
				4DEFE142082525940076ECC9 /* amadeus.rb */,
				4DEFE143082525940076ECC9 /* amazon.rb */,
				4DEFE144082525940076ECC9 /* bn.rb */,
				4DEFE145082525940076ECC9 /* ibs_it.rb */,
				4DEFE146082525940076ECC9 /* mcu.rb */,
				4DEFE147082525940076ECC9 /* proxis.rb */,
				4DEFE148082525940076ECC9 /* z3950.rb */,
			);
			includeInIndex = 1;
			name = book_providers;
			sourceTree = "<group>";
		};
/* End PBXGroup section */

/* Begin PBXNativeTarget section */
		4D4D85AE08251CEC0090199E /* Alexandria */ = {
			isa = PBXNativeTarget;
			buildConfigurationList = 4DC5478F0883D3C4003C6127 /* Build configuration list for PBXNativeTarget "Alexandria" */;
			buildPhases = (
				4D4D85AB08251CEC0090199E /* Resources */,
				4D4D85AC08251CEC0090199E /* Sources */,
				4D4D85AD08251CEC0090199E /* Frameworks */,
				4DEFE1EA082559720076ECC9 /* Copy Backend Scripts */,
				4DEFE1ED082559E20076ECC9 /* Copy Providers Scripts */,
				4DCD70D7082A983F002AB50D /* Copy UI Scripts */,
				4D5FB62208847BE600B4C5B3 /* Copy Ruby/Cocoa */,
				4DFEC88D08856AB2003662A0 /* Copy Ruby */,
				4DFEC8A208856B3B003662A0 /* Copy Ruby/Amazon */,
				4DFEC8FB0885776F003662A0 /* Copy Data */,
				4DD2C4B408952CD700092D5B /* Copy YAZ */,
				4DD2C4BC08952DA500092D5B /* Copy Ruby/ZOOM */,
			);
			buildRules = (
			);
			buildSettings = {
				FRAMEWORK_SEARCH_PATHS = /Volumes/Data/build;
				GCC_GENERATE_DEBUGGING_SYMBOLS = NO;
				GCC_MODEL_TUNING = G5;
				GCC_PRECOMPILE_PREFIX_HEADER = YES;
				GCC_PREFIX_HEADER = "$(SYSTEM_LIBRARY_DIR)/Frameworks/AppKit.framework/Headers/AppKit.h";
				INFOPLIST_FILE = Info.plist;
				INSTALL_PATH = "$(USER_APPS_DIR)";
				OTHER_CFLAGS = "";
				OTHER_LDFLAGS = (
					"-framework",
					Foundation,
					"-framework",
					AppKit,
				);
				OTHER_REZFLAGS = "";
				PREBINDING = NO;
				PRODUCT_NAME = Alexandria;
				SECTORDER_FLAGS = "";
				WARNING_CFLAGS = (
					"-Wmost",
					"-Wno-four-char-constants",
					"-Wno-unknown-pragmas",
				);
			};
			dependencies = (
			);
			name = Alexandria;
			productName = Alexandria;
			productReference = 4D4D85AF08251CEC0090199E /* Alexandria.app */;
			productSettingsXML = "<?xml version=\"1.0\" encoding=\"UTF-8\"?>
<!DOCTYPE plist PUBLIC \"-//Apple Computer//DTD PLIST 1.0//EN\" \"http://www.apple.com/DTDs/PropertyList-1.0.dtd\">
<plist version=\"1.0\">
<dict>
	<key>CFBundleDevelopmentRegion</key>
	<string>English</string>
	<key>CFBundleExecutable</key>
	<string>Alexandria</string>
	<key>CFBundleIdentifier</key>
	<string>com.yourcompany.Alexandria</string>
	<key>CFBundleInfoDictionaryVersion</key>
	<string>6.0</string>
	<key>CFBundlePackageType</key>
	<string>APPL</string>
	<key>CFBundleSignature</key>
	<string>????</string>
	<key>CFBundleVersion</key>
	<string>1.0</string>
	<key>NSMainNibFile</key>
	<string>MainMenu</string>
	<key>NSPrincipalClass</key>
	<string>NSApplication</string>
</dict>
</plist>
";
			productType = "com.apple.product-type.application";
		};
/* End PBXNativeTarget section */

/* Begin PBXProject section */
		4D4D858C082519F80090199E /* Project object */ = {
			isa = PBXProject;
			buildConfigurationList = 4DC547930883D3C4003C6127 /* Build configuration list for PBXProject "alexandria" */;
			buildSettings = {
			};
			buildStyles = (
				4D4D858A082519F80090199E /* Development */,
				4D4D858B082519F80090199E /* Deployment */,
			);
			hasScannedForEncodings = 0;
			mainGroup = 4D4D8588082519F80090199E;
			productRefGroup = 4D4D85B008251CEC0090199E /* Products */;
			projectDirPath = "";
			targets = (
				4D4D85AE08251CEC0090199E /* Alexandria */,
			);
		};
/* End PBXProject section */

/* Begin PBXResourcesBuildPhase section */
		4D4D85AB08251CEC0090199E /* Resources */ = {
			isa = PBXResourcesBuildPhase;
			buildActionMask = 2147483647;
			files = (
				4DEFE11B0825249D0076ECC9 /* main.rb in Resources */,
				4DEFE12B082525270076ECC9 /* alexandria.rb in Resources */,
				4DEFE11C0825249D0076ECC9 /* MainWindow.nib in Resources */,
				4DC5479D0883D4AC003C6127 /* Info.plist in Resources */,
			);
			runOnlyForDeploymentPostprocessing = 0;
		};
/* End PBXResourcesBuildPhase section */

/* Begin PBXShellScriptBuildPhase section */
		4D5FB62208847BE600B4C5B3 /* Copy Ruby/Cocoa */ = {
			isa = PBXShellScriptBuildPhase;
			buildActionMask = 2147483647;
			files = (
			);
			inputPaths = (
			);
			name = "Copy Ruby/Cocoa";
			outputPaths = (
			);
			runOnlyForDeploymentPostprocessing = 0;
			shellPath = /bin/sh;
			shellScript = "mkdir -p $TARGET_BUILD_DIR/$TARGET_NAME.app/Contents/Frameworks\nrm -rf $TARGET_BUILD_DIR/$TARGET_NAME.app/Contents/Frameworks/RubyCocoa.framework\ncp -R $TARGET_BUILD_DIR/RubyCocoa.framework $TARGET_BUILD_DIR/$TARGET_NAME.app/Contents/Frameworks";
		};
		4DD2C4B408952CD700092D5B /* Copy YAZ */ = {
			isa = PBXShellScriptBuildPhase;
			buildActionMask = 2147483647;
			files = (
			);
			inputPaths = (
			);
			name = "Copy YAZ";
			outputPaths = (
			);
			runOnlyForDeploymentPostprocessing = 0;
			shellPath = /bin/sh;
			shellScript = "rm -rf $TARGET_BUILD_DIR/$TARGET_NAME.app/Contents/Resources/libyaz*\ncp -R $TARGET_BUILD_DIR/yaz/libyaz* $TARGET_BUILD_DIR/$TARGET_NAME.app/Contents/Resources";
		};
		4DD2C4BC08952DA500092D5B /* Copy Ruby/ZOOM */ = {
			isa = PBXShellScriptBuildPhase;
			buildActionMask = 2147483647;
			files = (
			);
			inputPaths = (
			);
			name = "Copy Ruby/ZOOM";
			outputPaths = (
			);
			runOnlyForDeploymentPostprocessing = 0;
			shellPath = /bin/sh;
			shellScript = "rm -rf $TARGET_BUILD_DIR/$TARGET_NAME.app/Contents/Resources/zoom.bundle\nrm -rf $TARGET_BUILD_DIR/$TARGET_NAME.app/Contents/Resources/marc.rb\ncp -R $TARGET_BUILD_DIR/zoom/* $TARGET_BUILD_DIR/$TARGET_NAME.app/Contents/Resources/";
		};
		4DFEC88D08856AB2003662A0 /* Copy Ruby */ = {
			isa = PBXShellScriptBuildPhase;
			buildActionMask = 2147483647;
			files = (
			);
			inputPaths = (
			);
			name = "Copy Ruby";
			outputPaths = (
			);
			runOnlyForDeploymentPostprocessing = 0;
			shellPath = /bin/sh;
			shellScript = "rm -rf $TARGET_BUILD_DIR/$TARGET_NAME.app/Contents/Resources/ruby\ncp -R $TARGET_BUILD_DIR/ruby $TARGET_BUILD_DIR/$TARGET_NAME.app/Contents/Resources";
		};
		4DFEC8A208856B3B003662A0 /* Copy Ruby/Amazon */ = {
			isa = PBXShellScriptBuildPhase;
			buildActionMask = 2147483647;
			files = (
			);
			inputPaths = (
			);
			name = "Copy Ruby/Amazon";
			outputPaths = (
			);
			runOnlyForDeploymentPostprocessing = 0;
			shellPath = /bin/sh;
			shellScript = "rm -rf $TARGET_BUILD_DIR/$TARGET_NAME.app/Contents/Resources/amazon\ncp -R $TARGET_BUILD_DIR/amazon/amazon.rb $TARGET_BUILD_DIR/$TARGET_NAME.app/Contents/Resources\ncp -R $TARGET_BUILD_DIR/amazon/amazon $TARGET_BUILD_DIR/$TARGET_NAME.app/Contents/Resources";
		};
		4DFEC8FB0885776F003662A0 /* Copy Data */ = {
			isa = PBXShellScriptBuildPhase;
			buildActionMask = 2147483647;
			files = (
			);
			inputPaths = (
			);
			name = "Copy Data";
			outputPaths = (
			);
			runOnlyForDeploymentPostprocessing = 0;
			shellPath = /bin/sh;
			shellScript = "rm -rf $TARGET_BUILD_DIR/$TARGET_NAME.app/Contents/Resources/icons\nmkdir $TARGET_BUILD_DIR/$TARGET_NAME.app/Contents/Resources/icons\ncp data/alexandria/icons/*.png $TARGET_BUILD_DIR/$TARGET_NAME.app/Contents/Resources/icons\nrm -rf $TARGET_BUILD_DIR/$TARGET_NAME.app/Contents/Resources/web-themes\nmkdir $TARGET_BUILD_DIR/$TARGET_NAME.app/Contents/Resources/web-themes\ncp -R data/alexandria/web-themes/* $TARGET_BUILD_DIR/$TARGET_NAME.app/Contents/Resources/web-themes\nrm -rf `find $TARGET_BUILD_DIR/$TARGET_NAME.app/Contents/Resources/web-themes -name CVS`";
		};
/* End PBXShellScriptBuildPhase section */

/* Begin PBXSourcesBuildPhase section */
		4D4D85AC08251CEC0090199E /* Sources */ = {
			isa = PBXSourcesBuildPhase;
			buildActionMask = 2147483647;
			files = (
				4DEFE11A0825249D0076ECC9 /* main.m in Sources */,
				4DFB34F30842771500F108DD /* TitledImageCell.m in Sources */,
				4DC912CD084B8184004348FC /* RatingCell.m in Sources */,
				4DAAFD9B08575A8F00DDE6F5 /* BookIconCell.m in Sources */,
				4DA21AEA0859CEE0009E42E6 /* Utils.m in Sources */,
			);
			runOnlyForDeploymentPostprocessing = 0;
		};
/* End PBXSourcesBuildPhase section */

/* Begin XCBuildConfiguration section */
		4DC547900883D3C4003C6127 /* Development */ = {
			isa = XCBuildConfiguration;
			buildSettings = {
				COPY_PHASE_STRIP = NO;
				FRAMEWORK_SEARCH_PATHS = (
					/Volumes/Data/build,
					"$(SRCROOT)/../../build/Development",
				);
				GCC_GENERATE_DEBUGGING_SYMBOLS = NO;
				GCC_MODEL_TUNING = G5;
				GCC_PRECOMPILE_PREFIX_HEADER = YES;
				GCC_PREFIX_HEADER = "$(SYSTEM_LIBRARY_DIR)/Frameworks/AppKit.framework/Headers/AppKit.h";
				HEADER_SEARCH_PATHS = "/usr/lib/ruby/1.8/powerpc-darwin8.1.0";
				INFOPLIST_FILE = lib/alexandria/macui/Info.plist;
				INSTALL_PATH = "$(USER_APPS_DIR)";
				OTHER_CFLAGS = "";
				OTHER_LDFLAGS = (
					"-framework",
					Foundation,
					"-framework",
					AppKit,
				);
				OTHER_REZFLAGS = "";
				PREBINDING = NO;
				PRODUCT_NAME = Alexandria;
				SECTORDER_FLAGS = "";
				WARNING_CFLAGS = (
					"-Wmost",
					"-Wno-four-char-constants",
					"-Wno-unknown-pragmas",
				);
			};
			name = Development;
		};
		4DC547910883D3C4003C6127 /* Deployment */ = {
			isa = XCBuildConfiguration;
			buildSettings = {
				COPY_PHASE_STRIP = YES;
				FRAMEWORK_SEARCH_PATHS = (
					/Volumes/Data/build,
					"$(SRCROOT)/../../build/Development",
				);
				GCC_ENABLE_OBJC_EXCEPTIONS = YES;
				GCC_GENERATE_DEBUGGING_SYMBOLS = NO;
				GCC_MODEL_TUNING = G5;
				GCC_PRECOMPILE_PREFIX_HEADER = YES;
				GCC_PREFIX_HEADER = "$(SYSTEM_LIBRARY_DIR)/Frameworks/AppKit.framework/Headers/AppKit.h";
				HEADER_SEARCH_PATHS = "/usr/lib/ruby/1.8/powerpc-darwin8.1.0";
				INFOPLIST_FILE = lib/alexandria/macui/Info.plist;
				INSTALL_PATH = "$(USER_APPS_DIR)";
				OTHER_CFLAGS = "";
				OTHER_LDFLAGS = (
					"-framework",
					Foundation,
					"-framework",
					AppKit,
				);
				OTHER_REZFLAGS = "";
				PREBINDING = NO;
				PRODUCT_NAME = Alexandria;
				SECTORDER_FLAGS = "";
				WARNING_CFLAGS = (
					"-Wmost",
					"-Wno-four-char-constants",
					"-Wno-unknown-pragmas",
				);
			};
			name = Deployment;
		};
		4DC547920883D3C4003C6127 /* Default */ = {
			isa = XCBuildConfiguration;
			buildSettings = {
				FRAMEWORK_SEARCH_PATHS = (
					/Volumes/Data/build,
					"$(SRCROOT)/../../build/Development",
				);
				GCC_GENERATE_DEBUGGING_SYMBOLS = NO;
				GCC_MODEL_TUNING = G5;
				GCC_PRECOMPILE_PREFIX_HEADER = YES;
				GCC_PREFIX_HEADER = "$(SYSTEM_LIBRARY_DIR)/Frameworks/AppKit.framework/Headers/AppKit.h";
				HEADER_SEARCH_PATHS = "/usr/lib/ruby/1.8/powerpc-darwin8.1.0";
				INFOPLIST_FILE = lib/alexandria/macui/Info.plist;
				INSTALL_PATH = "$(USER_APPS_DIR)";
				OTHER_CFLAGS = "";
				OTHER_LDFLAGS = (
					"-framework",
					Foundation,
					"-framework",
					AppKit,
				);
				OTHER_REZFLAGS = "";
				PREBINDING = NO;
				PRODUCT_NAME = Alexandria;
				SECTORDER_FLAGS = "";
				WARNING_CFLAGS = (
					"-Wmost",
					"-Wno-four-char-constants",
					"-Wno-unknown-pragmas",
				);
			};
			name = Default;
		};
		4DC547940883D3C4003C6127 /* Development */ = {
			isa = XCBuildConfiguration;
			buildSettings = {
				INFOPLIST_FILE = lib/alexandria/macui/Info.plist;
			};
			name = Development;
		};
		4DC547950883D3C4003C6127 /* Deployment */ = {
			isa = XCBuildConfiguration;
			buildSettings = {
				INFOPLIST_FILE = lib/alexandria/macui/Info.plist;
			};
			name = Deployment;
		};
		4DC547960883D3C4003C6127 /* Default */ = {
			isa = XCBuildConfiguration;
			buildSettings = {
				INFOPLIST_FILE = lib/alexandria/macui/Info.plist;
			};
			name = Default;
		};
/* End XCBuildConfiguration section */

/* Begin XCConfigurationList section */
		4DC5478F0883D3C4003C6127 /* Build configuration list for PBXNativeTarget "Alexandria" */ = {
			isa = XCConfigurationList;
			buildConfigurations = (
				4DC547900883D3C4003C6127 /* Development */,
				4DC547910883D3C4003C6127 /* Deployment */,
				4DC547920883D3C4003C6127 /* Default */,
			);
			defaultConfigurationIsVisible = 0;
			defaultConfigurationName = Default;
		};
		4DC547930883D3C4003C6127 /* Build configuration list for PBXProject "alexandria" */ = {
			isa = XCConfigurationList;
			buildConfigurations = (
				4DC547940883D3C4003C6127 /* Development */,
				4DC547950883D3C4003C6127 /* Deployment */,
				4DC547960883D3C4003C6127 /* Default */,
			);
			defaultConfigurationIsVisible = 0;
			defaultConfigurationName = Default;
		};
/* End XCConfigurationList section */
	};
	rootObject = 4D4D858C082519F80090199E /* Project object */;
}
